<?xml version="1.0" encoding="utf-8"?>
<Project ToolsVersion="4.0" xmlns="http://schemas.microsoft.com/developer/msbuild/2003">
  <ItemGroup>
    <Filter Include="Source Files">
      <UniqueIdentifier>{4FC737F1-C7A5-4376-A066-2A32D752A2FF}</UniqueIdentifier>
      <Extensions>cpp;c;cc;cxx;def;odl;idl;hpj;bat;asm;asmx</Extensions>
    </Filter>
    <Filter Include="Header Files">
      <UniqueIdentifier>{93995380-89BD-4b04-88EB-625FBE52EBFB}</UniqueIdentifier>
      <Extensions>h;hh;hpp;hxx;hm;inl;inc;ipp;xsd</Extensions>
    </Filter>
    <Filter Include="Resource Files">
      <UniqueIdentifier>{67DA6AB6-F800-4c08-8B7A-83BB121AAD01}</UniqueIdentifier>
      <Extensions>rc;ico;cur;bmp;dlg;rc2;rct;bin;rgs;gif;jpg;jpeg;jpe;resx;tiff;tif;png;wav;mfcribbon-ms</Extensions>
    </Filter>
    <Filter Include="Header Files\Objects">
      <UniqueIdentifier>{c4fb6651-ff8c-4f71-bdca-f7fd106943da}</UniqueIdentifier>
    </Filter>
    <Filter Include="Header Files\prizes">
      <UniqueIdentifier>{7fbbb189-8c34-48e1-901f-2c451fd3c58d}</UniqueIdentifier>
    </Filter>
    <Filter Include="Header Files\menu">
      <UniqueIdentifier>{5843c84c-8ddd-413a-8646-f4b17fa2b487}</UniqueIdentifier>
    </Filter>
    <Filter Include="Source Files\objects">
      <UniqueIdentifier>{84141def-ee65-4f06-9eb2-e24fa49009d4}</UniqueIdentifier>
    </Filter>
    <Filter Include="Source Files\prizes">
      <UniqueIdentifier>{32e5a970-feae-4616-bd14-74322c4cd96c}</UniqueIdentifier>
    </Filter>
    <Filter Include="Source Files\menu">
      <UniqueIdentifier>{c4c69383-5792-4f24-b5b4-96029030a16d}</UniqueIdentifier>
    </Filter>
    <Filter Include="Header Files\map">
      <UniqueIdentifier>{2043ab4b-ee78-4534-8383-7856ae1c4f4e}</UniqueIdentifier>
    </Filter>
    <Filter Include="Source Files\map">
      <UniqueIdentifier>{7c5aa1fe-959e-4207-bc3d-c3b854f64edf}</UniqueIdentifier>
    </Filter>
  </ItemGroup>
  <ItemGroup>
    <ClInclude Include="Game.h">
      <Filter>Header Files</Filter>
    </ClInclude>
    <ClInclude Include="Enemy.h">
      <Filter>Header Files\Objects</Filter>
    </ClInclude>
    <ClInclude Include="Hedgehog.h">
      <Filter>Header Files\Objects</Filter>
    </ClInclude>
    <ClInclude Include="Helicopter.h">
      <Filter>Header Files\Objects</Filter>
    </ClInclude>
    <ClInclude Include="Object.h">
      <Filter>Header Files\Objects</Filter>
    </ClInclude>
    <ClInclude Include="WreckingBall.h">
      <Filter>Header Files\Objects</Filter>
    </ClInclude>
    <ClInclude Include="RegularBall.h">
      <Filter>Header Files\Objects</Filter>
    </ClInclude>
    <ClInclude Include="Ball.h">
      <Filter>Header Files\Objects</Filter>
    </ClInclude>
    <ClInclude Include="BoostPrize.h">
      <Filter>Header Files\prizes</Filter>
    </ClInclude>
    <ClInclude Include="LifePrize.h">
      <Filter>Header Files\prizes</Filter>
    </ClInclude>
    <ClInclude Include="Prize.h">
      <Filter>Header Files\prizes</Filter>
    </ClInclude>
    <ClInclude Include="PoisonPrize.h">
      <Filter>Header Files\prizes</Filter>
    </ClInclude>
    <ClInclude Include="Help.h">
      <Filter>Header Files\menu</Filter>
    </ClInclude>
    <ClInclude Include="HighScore.h">
      <Filter>Header Files\menu</Filter>
    </ClInclude>
    <ClInclude Include="Menu.h">
      <Filter>Header Files\menu</Filter>
    </ClInclude>
    <ClInclude Include="NewGame.h">
      <Filter>Header Files\menu</Filter>
    </ClInclude>
    <ClInclude Include="Command.h">
      <Filter>Header Files\menu</Filter>
    </ClInclude>
    <ClInclude Include="TimePrize.h">
      <Filter>Header Files\prizes</Filter>
    </ClInclude>
    <ClInclude Include="MyFactory.h">
      <Filter>Header Files\Objects</Filter>
    </ClInclude>
    <ClInclude Include="Media.h">
      <Filter>Header Files</Filter>
    </ClInclude>
    <ClInclude Include="Board.h">
      <Filter>Header Files\map</Filter>
    </ClInclude>
    <ClInclude Include="MyEnum.h">
      <Filter>Header Files</Filter>
    </ClInclude>
    <ClInclude Include="Level.h">
      <Filter>Header Files</Filter>
    </ClInclude>
    <ClInclude Include="Collision.h">
      <Filter>Header Files</Filter>
    </ClInclude>
    <ClInclude Include="CellMode.h">
      <Filter>Header Files\Objects</Filter>
    </ClInclude>
    <ClInclude Include="EmptyCell.h">
      <Filter>Header Files\Objects</Filter>
    </ClInclude>
    <ClInclude Include="FullCell.h">
      <Filter>Header Files\Objects</Filter>
    </ClInclude>
    <ClInclude Include="Line.h">
      <Filter>Header Files\Objects</Filter>
    </ClInclude>
    <ClInclude Include="DynamicObject.h">
      <Filter>Header Files\Objects</Filter>
    </ClInclude>
    <ClInclude Include="CloseCell.h">
      <Filter>Header Files</Filter>
    </ClInclude>
    <ClInclude Include="PrizeFactory.h">
      <Filter>Header Files\prizes</Filter>
    </ClInclude>
    <ClInclude Include="CoinPrize.h">
      <Filter>Header Files\prizes</Filter>
    </ClInclude>
    <ClInclude Include="Exit.h">
      <Filter>Header Files\menu</Filter>
    </ClInclude>
  </ItemGroup>
  <ItemGroup>
    <ClCompile Include="Game.cpp">
      <Filter>Source Files</Filter>
    </ClCompile>
    <ClCompile Include="main.cpp">
      <Filter>Source Files</Filter>
    </ClCompile>
    <ClCompile Include="Ball.cpp">
      <Filter>Source Files\objects</Filter>
    </ClCompile>
    <ClCompile Include="Enemy.cpp">
      <Filter>Source Files\objects</Filter>
    </ClCompile>
    <ClCompile Include="Object.cpp">
      <Filter>Source Files\objects</Filter>
    </ClCompile>
    <ClCompile Include="WreckingBall.cpp">
      <Filter>Source Files\objects</Filter>
    </ClCompile>
    <ClCompile Include="RegularBall.cpp">
      <Filter>Source Files\objects</Filter>
    </ClCompile>
    <ClCompile Include="Helicopter.cpp">
      <Filter>Source Files\objects</Filter>
    </ClCompile>
    <ClCompile Include="Hedgehog.cpp">
      <Filter>Source Files\objects</Filter>
    </ClCompile>
    <ClCompile Include="BoostPrize.cpp">
      <Filter>Source Files\prizes</Filter>
    </ClCompile>
    <ClCompile Include="LifePrize.cpp">
      <Filter>Source Files\prizes</Filter>
    </ClCompile>
    <ClCompile Include="PoisonPrize.cpp">
      <Filter>Source Files\prizes</Filter>
    </ClCompile>
    <ClCompile Include="Prize.cpp">
      <Filter>Source Files\prizes</Filter>
    </ClCompile>
    <ClCompile Include="TimePrize.cpp">
      <Filter>Source Files\prizes</Filter>
    </ClCompile>
    <ClCompile Include="Help.cpp">
      <Filter>Source Files\menu</Filter>
    </ClCompile>
    <ClCompile Include="HighScore.cpp">
      <Filter>Source Files\menu</Filter>
    </ClCompile>
    <ClCompile Include="Menu.cpp">
      <Filter>Source Files\menu</Filter>
    </ClCompile>
    <ClCompile Include="NewGame.cpp">
      <Filter>Source Files\menu</Filter>
    </ClCompile>
    <ClCompile Include="MyFactory.cpp">
      <Filter>Source Files\objects</Filter>
    </ClCompile>
    <ClCompile Include="Media.cpp">
      <Filter>Source Files</Filter>
    </ClCompile>
    <ClCompile Include="Board.cpp">
      <Filter>Source Files\map</Filter>
    </ClCompile>
    <ClCompile Include="Level.cpp">
      <Filter>Source Files</Filter>
    </ClCompile>
    <ClCompile Include="Collision.cpp">
      <Filter>Source Files</Filter>
    </ClCompile>
    <ClCompile Include="CellMode.cpp">
      <Filter>Source Files\objects</Filter>
    </ClCompile>
    <ClCompile Include="EmptyCell.cpp">
      <Filter>Source Files\objects</Filter>
    </ClCompile>
    <ClCompile Include="FullCell.cpp">
      <Filter>Source Files\objects</Filter>
    </ClCompile>
    <ClCompile Include="Line.cpp">
      <Filter>Source Files\objects</Filter>
    </ClCompile>
    <ClCompile Include="Exit.cpp">
      <Filter>Source Files\menu</Filter>
    </ClCompile>
    <ClCompile Include="PrizeFactory.cpp">
      <Filter>Source Files\prizes</Filter>
    </ClCompile>
    <ClCompile Include="CoinPrize.cpp">
      <Filter>Source Files\prizes</Filter>
    </ClCompile>
    <ClCompile Include="DynamicObject.cpp">
      <Filter>Source Files\objects</Filter>
    </ClCompile>
    <ClCompile Include="CloseCell.cpp">
      <Filter>Source Files\objects</Filter>
    </ClCompile>
  </ItemGroup>
  <ItemGroup>
    <None Include="ClassDiagram6.cd" />
  </ItemGroup>
</Project>